
Microsoft Visual Studio Solution File, Format Version 12.00
# Visual Studio Version 16
VisualStudioVersion = 16.0.33328.57
MinimumVisualStudioVersion = 10.0.40219.1
Project("{FAE04EC0-301F-11D3-BF4B-00C04F79EFBC}") = "BasicClass", "BasicClass\BasicClass.csproj", "{0C3FBA1E-A13E-4C50-96F0-4EB5A84B24F3}"
EndProject
Project("{FAE04EC0-301F-11D3-BF4B-00C04F79EFBC}") = "Constructor", "Constructor\Constructor.csproj", "{D4DB3FAF-5C6A-4E0E-A64E-0C1778C00F24}"
EndProject
Project("{FAE04EC0-301F-11D3-BF4B-00C04F79EFBC}") = "StaticField", "StaticField\StaticField.csproj", "{91352C00-FF7B-43D3-ADD4-FBEB0E2714E8}"
EndProject
Project("{FAE04EC0-301F-11D3-BF4B-00C04F79EFBC}") = "This", "This\This.csproj", "{7E42EA0D-2B17-4228-933A-0055B2DADE22}"
EndProject
Project("{FAE04EC0-301F-11D3-BF4B-00C04F79EFBC}") = "AccessModifier", "AccessModifier\AccessModifier.csproj", "{A5F3DBA9-122F-4AFD-80F7-E9E0B5A4A8B2}"
EndProject
Project("{FAE04EC0-301F-11D3-BF4B-00C04F79EFBC}") = "Inheritance", "Inheritance\Inheritance.csproj", "{3F130633-6B25-4DAC-A267-8218ECF2E524}"
EndProject
Project("{FAE04EC0-301F-11D3-BF4B-00C04F79EFBC}") = "Overriding", "Overriding\Overriding.csproj", "{F031D281-DBA7-4B15-AC12-8500EBDCDF4A}"
EndProject
Project("{FAE04EC0-301F-11D3-BF4B-00C04F79EFBC}") = "Structure", "Structure\Structure.csproj", "{1977A749-2425-45E8-B94B-28EACC50B592}"
EndProject
Global
	GlobalSection(SolutionConfigurationPlatforms) = preSolution
		Debug|Any CPU = Debug|Any CPU
		Release|Any CPU = Release|Any CPU
	EndGlobalSection
	GlobalSection(ProjectConfigurationPlatforms) = postSolution
		{0C3FBA1E-A13E-4C50-96F0-4EB5A84B24F3}.Debug|Any CPU.ActiveCfg = Debug|Any CPU
		{0C3FBA1E-A13E-4C50-96F0-4EB5A84B24F3}.Debug|Any CPU.Build.0 = Debug|Any CPU
		{0C3FBA1E-A13E-4C50-96F0-4EB5A84B24F3}.Release|Any CPU.ActiveCfg = Release|Any CPU
		{0C3FBA1E-A13E-4C50-96F0-4EB5A84B24F3}.Release|Any CPU.Build.0 = Release|Any CPU
		{D4DB3FAF-5C6A-4E0E-A64E-0C1778C00F24}.Debug|Any CPU.ActiveCfg = Debug|Any CPU
		{D4DB3FAF-5C6A-4E0E-A64E-0C1778C00F24}.Debug|Any CPU.Build.0 = Debug|Any CPU
		{D4DB3FAF-5C6A-4E0E-A64E-0C1778C00F24}.Release|Any CPU.ActiveCfg = Release|Any CPU
		{D4DB3FAF-5C6A-4E0E-A64E-0C1778C00F24}.Release|Any CPU.Build.0 = Release|Any CPU
		{91352C00-FF7B-43D3-ADD4-FBEB0E2714E8}.Debug|Any CPU.ActiveCfg = Debug|Any CPU
		{91352C00-FF7B-43D3-ADD4-FBEB0E2714E8}.Debug|Any CPU.Build.0 = Debug|Any CPU
		{91352C00-FF7B-43D3-ADD4-FBEB0E2714E8}.Release|Any CPU.ActiveCfg = Release|Any CPU
		{91352C00-FF7B-43D3-ADD4-FBEB0E2714E8}.Release|Any CPU.Build.0 = Release|Any CPU
		{7E42EA0D-2B17-4228-933A-0055B2DADE22}.Debug|Any CPU.ActiveCfg = Debug|Any CPU
		{7E42EA0D-2B17-4228-933A-0055B2DADE22}.Debug|Any CPU.Build.0 = Debug|Any CPU
		{7E42EA0D-2B17-4228-933A-0055B2DADE22}.Release|Any CPU.ActiveCfg = Release|Any CPU
		{7E42EA0D-2B17-4228-933A-0055B2DADE22}.Release|Any CPU.Build.0 = Release|Any CPU
		{A5F3DBA9-122F-4AFD-80F7-E9E0B5A4A8B2}.Debug|Any CPU.ActiveCfg = Debug|Any CPU
		{A5F3DBA9-122F-4AFD-80F7-E9E0B5A4A8B2}.Debug|Any CPU.Build.0 = Debug|Any CPU
		{A5F3DBA9-122F-4AFD-80F7-E9E0B5A4A8B2}.Release|Any CPU.ActiveCfg = Release|Any CPU
		{A5F3DBA9-122F-4AFD-80F7-E9E0B5A4A8B2}.Release|Any CPU.Build.0 = Release|Any CPU
		{3F130633-6B25-4DAC-A267-8218ECF2E524}.Debug|Any CPU.ActiveCfg = Debug|Any CPU
		{3F130633-6B25-4DAC-A267-8218ECF2E524}.Debug|Any CPU.Build.0 = Debug|Any CPU
		{3F130633-6B25-4DAC-A267-8218ECF2E524}.Release|Any CPU.ActiveCfg = Release|Any CPU
		{3F130633-6B25-4DAC-A267-8218ECF2E524}.Release|Any CPU.Build.0 = Release|Any CPU
		{F031D281-DBA7-4B15-AC12-8500EBDCDF4A}.Debug|Any CPU.ActiveCfg = Debug|Any CPU
		{F031D281-DBA7-4B15-AC12-8500EBDCDF4A}.Debug|Any CPU.Build.0 = Debug|Any CPU
		{F031D281-DBA7-4B15-AC12-8500EBDCDF4A}.Release|Any CPU.ActiveCfg = Release|Any CPU
		{F031D281-DBA7-4B15-AC12-8500EBDCDF4A}.Release|Any CPU.Build.0 = Release|Any CPU
		{1977A749-2425-45E8-B94B-28EACC50B592}.Debug|Any CPU.ActiveCfg = Debug|Any CPU
		{1977A749-2425-45E8-B94B-28EACC50B592}.Debug|Any CPU.Build.0 = Debug|Any CPU
		{1977A749-2425-45E8-B94B-28EACC50B592}.Release|Any CPU.ActiveCfg = Release|Any CPU
		{1977A749-2425-45E8-B94B-28EACC50B592}.Release|Any CPU.Build.0 = Release|Any CPU
	EndGlobalSection
	GlobalSection(SolutionProperties) = preSolution
		HideSolutionNode = FALSE
	EndGlobalSection
	GlobalSection(ExtensibilityGlobals) = postSolution
		SolutionGuid = {F1BC2FFB-38EF-4360-96C8-B71E0491EA00}
	EndGlobalSection
EndGlobal
